// !$*UTF8*$!
{
	archiveVersion = 1;
	classes = {
	};
	objectVersion = 50;
	objects = {

/* Begin PBXBuildFile section */
		134E970D234B157A00DB22E9 /* allCommandsCheck.cpp in Sources */ = {isa = PBXBuildFile; fileRef = 134E970C234B157A00DB22E9 /* allCommandsCheck.cpp */; };
		134E970F234B15A700DB22E9 /* userLoginProcess.cpp in Sources */ = {isa = PBXBuildFile; fileRef = 134E970E234B15A700DB22E9 /* userLoginProcess.cpp */; };
		134E9711234B161100DB22E9 /* externalFunctions.cpp in Sources */ = {isa = PBXBuildFile; fileRef = 134E9710234B161100DB22E9 /* externalFunctions.cpp */; };
		134E9713234B16AD00DB22E9 /* fileFunctions.cpp in Sources */ = {isa = PBXBuildFile; fileRef = 134E9712234B16AD00DB22E9 /* fileFunctions.cpp */; };
		134E9717234B17CF00DB22E9 /* main.cpp in Sources */ = {isa = PBXBuildFile; fileRef = 134E9716234B17CF00DB22E9 /* main.cpp */; };
		134E972C234B199400DB22E9 /* groupOperations.cpp in Sources */ = {isa = PBXBuildFile; fileRef = 134E972B234B199400DB22E9 /* groupOperations.cpp */; };
/* End PBXBuildFile section */

/* Begin PBXCopyFilesBuildPhase section */
		134E96FF234B14D800DB22E9 /* CopyFiles */ = {
			isa = PBXCopyFilesBuildPhase;
			buildActionMask = 2147483647;
			dstPath = /usr/share/man/man1/;
			dstSubfolderSpec = 0;
			files = (
			);
			runOnlyForDeploymentPostprocessing = 1;
		};
/* End PBXCopyFilesBuildPhase section */

/* Begin PBXFileReference section */
		134E9701234B14D800DB22E9 /* Tracker */ = {isa = PBXFileReference; explicitFileType = "compiled.mach-o.executable"; includeInIndex = 0; path = Tracker; sourceTree = BUILT_PRODUCTS_DIR; };
		134E970B234B154700DB22E9 /* TrackerOperations.h */ = {isa = PBXFileReference; lastKnownFileType = sourcecode.c.h; path = TrackerOperations.h; sourceTree = "<group>"; };
		134E970C234B157A00DB22E9 /* allCommandsCheck.cpp */ = {isa = PBXFileReference; lastKnownFileType = sourcecode.cpp.cpp; path = allCommandsCheck.cpp; sourceTree = "<group>"; };
		134E970E234B15A700DB22E9 /* userLoginProcess.cpp */ = {isa = PBXFileReference; lastKnownFileType = sourcecode.cpp.cpp; path = userLoginProcess.cpp; sourceTree = "<group>"; };
		134E9710234B161100DB22E9 /* externalFunctions.cpp */ = {isa = PBXFileReference; lastKnownFileType = sourcecode.cpp.cpp; path = externalFunctions.cpp; sourceTree = "<group>"; };
		134E9712234B16AD00DB22E9 /* fileFunctions.cpp */ = {isa = PBXFileReference; lastKnownFileType = sourcecode.cpp.cpp; path = fileFunctions.cpp; sourceTree = "<group>"; };
		134E9716234B17CF00DB22E9 /* main.cpp */ = {isa = PBXFileReference; lastKnownFileType = sourcecode.cpp.cpp; path = main.cpp; sourceTree = "<group>"; };
		134E972B234B199400DB22E9 /* groupOperations.cpp */ = {isa = PBXFileReference; lastKnownFileType = sourcecode.cpp.cpp; path = groupOperations.cpp; sourceTree = "<group>"; };
/* End PBXFileReference section */

/* Begin PBXFrameworksBuildPhase section */
		134E96FE234B14D800DB22E9 /* Frameworks */ = {
			isa = PBXFrameworksBuildPhase;
			buildActionMask = 2147483647;
			files = (
			);
			runOnlyForDeploymentPostprocessing = 0;
		};
/* End PBXFrameworksBuildPhase section */

/* Begin PBXGroup section */
		134E96F8234B14D800DB22E9 = {
			isa = PBXGroup;
			children = (
				134E9703234B14D800DB22E9 /* Tracker */,
				134E9702234B14D800DB22E9 /* Products */,
			);
			sourceTree = "<group>";
		};
		134E9702234B14D800DB22E9 /* Products */ = {
			isa = PBXGroup;
			children = (
				134E9701234B14D800DB22E9 /* Tracker */,
			);
			name = Products;
			sourceTree = "<group>";
		};
		134E9703234B14D800DB22E9 /* Tracker */ = {
			isa = PBXGroup;
			children = (
				134E970B234B154700DB22E9 /* TrackerOperations.h */,
				134E970C234B157A00DB22E9 /* allCommandsCheck.cpp */,
				134E970E234B15A700DB22E9 /* userLoginProcess.cpp */,
				134E9710234B161100DB22E9 /* externalFunctions.cpp */,
				134E9712234B16AD00DB22E9 /* fileFunctions.cpp */,
				134E9716234B17CF00DB22E9 /* main.cpp */,
				134E972B234B199400DB22E9 /* groupOperations.cpp */,
			);
			path = Tracker;
			sourceTree = "<group>";
		};
/* End PBXGroup section */

/* Begin PBXNativeTarget section */
		134E9700234B14D800DB22E9 /* Tracker */ = {
			isa = PBXNativeTarget;
			buildConfigurationList = 134E9708234B14D800DB22E9 /* Build configuration list for PBXNativeTarget "Tracker" */;
			buildPhases = (
				134E96FD234B14D800DB22E9 /* Sources */,
				134E96FE234B14D800DB22E9 /* Frameworks */,
				134E96FF234B14D800DB22E9 /* CopyFiles */,
			);
			buildRules = (
			);
			dependencies = (
			);
			name = Tracker;
			productName = Tracker;
			productReference = 134E9701234B14D800DB22E9 /* Tracker */;
			productType = "com.apple.product-type.tool";
		};
/* End PBXNativeTarget section */

/* Begin PBXProject section */
		134E96F9234B14D800DB22E9 /* Project object */ = {
			isa = PBXProject;
			attributes = {
				LastUpgradeCheck = 1100;
				ORGANIZATIONNAME = "Ram Pratap Bachina";
				TargetAttributes = {
					134E9700234B14D800DB22E9 = {
						CreatedOnToolsVersion = 11.0;
					};
				};
			};
			buildConfigurationList = 134E96FC234B14D800DB22E9 /* Build configuration list for PBXProject "Tracker" */;
			compatibilityVersion = "Xcode 9.3";
			developmentRegion = en;
			hasScannedForEncodings = 0;
			knownRegions = (
				en,
				Base,
			);
			mainGroup = 134E96F8234B14D800DB22E9;
			productRefGroup = 134E9702234B14D800DB22E9 /* Products */;
			projectDirPath = "";
			projectRoot = "";
			targets = (
				134E9700234B14D800DB22E9 /* Tracker */,
			);
		};
/* End PBXProject section */

/* Begin PBXSourcesBuildPhase section */
		134E96FD234B14D800DB22E9 /* Sources */ = {
			isa = PBXSourcesBuildPhase;
			buildActionMask = 2147483647;
			files = (
				134E970D234B157A00DB22E9 /* allCommandsCheck.cpp in Sources */,
				134E972C234B199400DB22E9 /* groupOperations.cpp in Sources */,
				134E970F234B15A700DB22E9 /* userLoginProcess.cpp in Sources */,
				134E9711234B161100DB22E9 /* externalFunctions.cpp in Sources */,
				134E9717234B17CF00DB22E9 /* main.cpp in Sources */,
				134E9713234B16AD00DB22E9 /* fileFunctions.cpp in Sources */,
			);
			runOnlyForDeploymentPostprocessing = 0;
		};
/* End PBXSourcesBuildPhase section */

/* Begin XCBuildConfiguration section */
		134E9706234B14D800DB22E9 /* Debug */ = {
			isa = XCBuildConfiguration;
			buildSettings = {
				ALWAYS_SEARCH_USER_PATHS = NO;
				CLANG_ANALYZER_NONNULL = YES;
				CLANG_ANALYZER_NUMBER_OBJECT_CONVERSION = YES_AGGRESSIVE;
				CLANG_CXX_LANGUAGE_STANDARD = "gnu++14";
				CLANG_CXX_LIBRARY = "libc++";
				CLANG_ENABLE_MODULES = YES;
				CLANG_ENABLE_OBJC_ARC = YES;
				CLANG_ENABLE_OBJC_WEAK = YES;
				CLANG_WARN_BLOCK_CAPTURE_AUTORELEASING = YES;
				CLANG_WARN_BOOL_CONVERSION = YES;
				CLANG_WARN_COMMA = YES;
				CLANG_WARN_CONSTANT_CONVERSION = YES;
				CLANG_WARN_DEPRECATED_OBJC_IMPLEMENTATIONS = YES;
				CLANG_WARN_DIRECT_OBJC_ISA_USAGE = YES_ERROR;
				CLANG_WARN_DOCUMENTATION_COMMENTS = YES;
				CLANG_WARN_EMPTY_BODY = YES;
				CLANG_WARN_ENUM_CONVERSION = YES;
				CLANG_WARN_INFINITE_RECURSION = YES;
				CLANG_WARN_INT_CONVERSION = YES;
				CLANG_WARN_NON_LITERAL_NULL_CONVERSION = YES;
				CLANG_WARN_OBJC_IMPLICIT_RETAIN_SELF = YES;
				CLANG_WARN_OBJC_LITERAL_CONVERSION = YES;
				CLANG_WARN_OBJC_ROOT_CLASS = YES_ERROR;
				CLANG_WARN_RANGE_LOOP_ANALYSIS = YES;
				CLANG_WARN_STRICT_PROTOTYPES = YES;
				CLANG_WARN_SUSPICIOUS_MOVE = YES;
				CLANG_WARN_UNGUARDED_AVAILABILITY = YES_AGGRESSIVE;
				CLANG_WARN_UNREACHABLE_CODE = YES;
				CLANG_WARN__DUPLICATE_METHOD_MATCH = YES;
				COPY_PHASE_STRIP = NO;
				DEBUG_INFORMATION_FORMAT = dwarf;
				ENABLE_STRICT_OBJC_MSGSEND = YES;
				ENABLE_TESTABILITY = YES;
				GCC_C_LANGUAGE_STANDARD = gnu11;
				GCC_DYNAMIC_NO_PIC = NO;
				GCC_NO_COMMON_BLOCKS = YES;
				GCC_OPTIMIZATION_LEVEL = 0;
				GCC_PREPROCESSOR_DEFINITIONS = (
					"DEBUG=1",
					"$(inherited)",
				);
				GCC_WARN_64_TO_32_BIT_CONVERSION = YES;
				GCC_WARN_ABOUT_RETURN_TYPE = YES_ERROR;
				GCC_WARN_UNDECLARED_SELECTOR = YES;
				GCC_WARN_UNINITIALIZED_AUTOS = YES_AGGRESSIVE;
				GCC_WARN_UNUSED_FUNCTION = YES;
				GCC_WARN_UNUSED_VARIABLE = YES;
				MACOSX_DEPLOYMENT_TARGET = 10.14;
				MTL_ENABLE_DEBUG_INFO = INCLUDE_SOURCE;
				MTL_FAST_MATH = YES;
				ONLY_ACTIVE_ARCH = YES;
				SDKROOT = macosx;
			};
			name = Debug;
		};
		134E9707234B14D800DB22E9 /* Release */ = {
			isa = XCBuildConfiguration;
			buildSettings = {
				ALWAYS_SEARCH_USER_PATHS = NO;
				CLANG_ANALYZER_NONNULL = YES;
				CLANG_ANALYZER_NUMBER_OBJECT_CONVERSION = YES_AGGRESSIVE;
				CLANG_CXX_LANGUAGE_STANDARD = "gnu++14";
				CLANG_CXX_LIBRARY = "libc++";
				CLANG_ENABLE_MODULES = YES;
				CLANG_ENABLE_OBJC_ARC = YES;
				CLANG_ENABLE_OBJC_WEAK = YES;
				CLANG_WARN_BLOCK_CAPTURE_AUTORELEASING = YES;
				CLANG_WARN_BOOL_CONVERSION = YES;
				CLANG_WARN_COMMA = YES;
				CLANG_WARN_CONSTANT_CONVERSION = YES;
				CLANG_WARN_DEPRECATED_OBJC_IMPLEMENTATIONS = YES;
				CLANG_WARN_DIRECT_OBJC_ISA_USAGE = YES_ERROR;
				CLANG_WARN_DOCUMENTATION_COMMENTS = YES;
				CLANG_WARN_EMPTY_BODY = YES;
				CLANG_WARN_ENUM_CONVERSION = YES;
				CLANG_WARN_INFINITE_RECURSION = YES;
				CLANG_WARN_INT_CONVERSION = YES;
				CLANG_WARN_NON_LITERAL_NULL_CONVERSION = YES;
				CLANG_WARN_OBJC_IMPLICIT_RETAIN_SELF = YES;
				CLANG_WARN_OBJC_LITERAL_CONVERSION = YES;
				CLANG_WARN_OBJC_ROOT_CLASS = YES_ERROR;
				CLANG_WARN_RANGE_LOOP_ANALYSIS = YES;
				CLANG_WARN_STRICT_PROTOTYPES = YES;
				CLANG_WARN_SUSPICIOUS_MOVE = YES;
				CLANG_WARN_UNGUARDED_AVAILABILITY = YES_AGGRESSIVE;
				CLANG_WARN_UNREACHABLE_CODE = YES;
				CLANG_WARN__DUPLICATE_METHOD_MATCH = YES;
				COPY_PHASE_STRIP = NO;
				DEBUG_INFORMATION_FORMAT = "dwarf-with-dsym";
				ENABLE_NS_ASSERTIONS = NO;
				ENABLE_STRICT_OBJC_MSGSEND = YES;
				GCC_C_LANGUAGE_STANDARD = gnu11;
				GCC_NO_COMMON_BLOCKS = YES;
				GCC_WARN_64_TO_32_BIT_CONVERSION = YES;
				GCC_WARN_ABOUT_RETURN_TYPE = YES_ERROR;
				GCC_WARN_UNDECLARED_SELECTOR = YES;
				GCC_WARN_UNINITIALIZED_AUTOS = YES_AGGRESSIVE;
				GCC_WARN_UNUSED_FUNCTION = YES;
				GCC_WARN_UNUSED_VARIABLE = YES;
				MACOSX_DEPLOYMENT_TARGET = 10.14;
				MTL_ENABLE_DEBUG_INFO = NO;
				MTL_FAST_MATH = YES;
				SDKROOT = macosx;
			};
			name = Release;
		};
		134E9709234B14D800DB22E9 /* Debug */ = {
			isa = XCBuildConfiguration;
			buildSettings = {
				CODE_SIGN_STYLE = Automatic;
				PRODUCT_NAME = "$(TARGET_NAME)";
			};
			name = Debug;
		};
		134E970A234B14D800DB22E9 /* Release */ = {
			isa = XCBuildConfiguration;
			buildSettings = {
				CODE_SIGN_STYLE = Automatic;
				PRODUCT_NAME = "$(TARGET_NAME)";
			};
			name = Release;
		};
/* End XCBuildConfiguration section */

/* Begin XCConfigurationList section */
		134E96FC234B14D800DB22E9 /* Build configuration list for PBXProject "Tracker" */ = {
			isa = XCConfigurationList;
			buildConfigurations = (
				134E9706234B14D800DB22E9 /* Debug */,
				134E9707234B14D800DB22E9 /* Release */,
			);
			defaultConfigurationIsVisible = 0;
			defaultConfigurationName = Release;
		};
		134E9708234B14D800DB22E9 /* Build configuration list for PBXNativeTarget "Tracker" */ = {
			isa = XCConfigurationList;
			buildConfigurations = (
				134E9709234B14D800DB22E9 /* Debug */,
				134E970A234B14D800DB22E9 /* Release */,
			);
			defaultConfigurationIsVisible = 0;
			defaultConfigurationName = Release;
		};
/* End XCConfigurationList section */
	};
	rootObject = 134E96F9234B14D800DB22E9 /* Project object */;
}
